
Microsoft Visual Studio Solution File, Format Version 12.00
# Visual Studio Version 17
VisualStudioVersion = 17.7.34024.191
MinimumVisualStudioVersion = 10.0.40219.1
Project("{FAE04EC0-301F-11D3-BF4B-00C04F79EFBC}") = "WpfAppBD", "WpfAppBD\WpfAppBD.csproj", "{5488C568-11CB-4786-B590-493BD1C3BD45}"
EndProject
Global
	GlobalSection(SolutionConfigurationPlatforms) = preSolution
		Debug|Any CPU = Debug|Any CPU
		Release|Any CPU = Release|Any CPU
	EndGlobalSection
	GlobalSection(ProjectConfigurationPlatforms) = postSolution
		{5488C568-11CB-4786-B590-493BD1C3BD45}.Debug|Any CPU.ActiveCfg = Debug|Any CPU
		{5488C568-11CB-4786-B590-493BD1C3BD45}.Debug|Any CPU.Build.0 = Debug|Any CPU
		{5488C568-11CB-4786-B590-493BD1C3BD45}.Release|Any CPU.ActiveCfg = Release|Any CPU
		{5488C568-11CB-4786-B590-493BD1C3BD45}.Release|Any CPU.Build.0 = Release|Any CPU
	EndGlobalSection
	GlobalSection(SolutionProperties) = preSolution
		HideSolutionNode = FALSE
	EndGlobalSection
	GlobalSection(ExtensibilityGlobals) = postSolution
		SolutionGuid = {475F87D3-D82E-44ED-B14A-0EC80104C7D4}
	EndGlobalSection
EndGlobal
